// !$*UTF8*$!
{
	archiveVersion = 1;
	classes = {
	};
	objectVersion = 70;
	objects = {

/* Begin PBXBuildFile section */
		1A2B3C4D5E6F7G8H9I0J1A2B /* WorkoutTrackerApp.swift in Sources */ = {isa = PBXBuildFile; fileRef = 1A2B3C4D5E6F7G8H9I0J1A2C /* WorkoutTrackerApp.swift */; };
		1A2B3C4D5E6F7G8H9I0J1A2D /* Models/WorkoutModel.swift in Sources */ = {isa = PBXBuildFile; fileRef = 1A2B3C4D5E6F7G8H9I0J1A2E /* Models/WorkoutModel.swift */; };
		1A2B3C4D5E6F7G8H9I0J1A2F /* Models/ExerciseModel.swift in Sources */ = {isa = PBXBuildFile; fileRef = 1A2B3C4D5E6F7G8H9I0J1A2G /* Models/ExerciseModel.swift */; };
		1A2B3C4D5E6F7G8H9I0J1A2H /* Models/DataManager.swift in Sources */ = {isa = PBXBuildFile; fileRef = 1A2B3C4D5E6F7G8H9I0J1A2I /* Models/DataManager.swift */; };
		1A2B3C4D5E6F7G8H9I0J1A2J /* Views/WorkoutListView.swift in Sources */ = {isa = PBXBuildFile; fileRef = 1A2B3C4D5E6F7G8H9I0J1A2K /* Views/WorkoutListView.swift */; };
		1A2B3C4D5E6F7G8H9I0J1A2L /* Views/WorkoutDetailView.swift in Sources */ = {isa = PBXBuildFile; fileRef = 1A2B3C4D5E6F7G8H9I0J1A2M /* Views/WorkoutDetailView.swift */; };
		1A2B3C4D5E6F7G8H9I0J1A2N /* Views/ExerciseDetailView.swift in Sources */ = {isa = PBXBuildFile; fileRef = 1A2B3C4D5E6F7G8H9I0J1A2O /* Views/ExerciseDetailView.swift */; };
		1A2B3C4D5E6F7G8H9I0J1A2P /* Views/AddWorkoutView.swift in Sources */ = {isa = PBXBuildFile; fileRef = 1A2B3C4D5E6F7G8H9I0J1A2Q /* Views/AddWorkoutView.swift */; };
		1A2B3C4D5E6F7G8H9I0J1A2R /* Views/AddExerciseView.swift in Sources */ = {isa = PBXBuildFile; fileRef = 1A2B3C4D5E6F7G8H9I0J1A2S /* Views/AddExerciseView.swift */; };
		1A2B3C4D5E6F7G8H9I0J1A2T /* Views/ProgressView.swift in Sources */ = {isa = PBXBuildFile; fileRef = 1A2B3C4D5E6F7G8H9I0J1A2U /* Views/ProgressView.swift */; };
		1A2B3C4D5E6F7G8H9I0J1A2V /* Views/SettingsView.swift in Sources */ = {isa = PBXBuildFile; fileRef = 1A2B3C4D5E6F7G8H9I0J1A2W /* Views/SettingsView.swift */; };
		1A2B3C4D5E6F7G8H9I0J1A2X /* Models/WorkoutTracker.xcdatamodeld in Sources */ = {isa = PBXBuildFile; fileRef = 1A2B3C4D5E6F7G8H9I0J1A2Y /* Models/WorkoutTracker.xcdatamodeld */; };
		D42398532DC8FD4700187885 /* Models/ExerciseModel.swift in Sources */ = {isa = PBXBuildFile; fileRef = 1A2B3C4D5E6F7G8H9I0J1A2G /* Models/ExerciseModel.swift */; };
		D42398542DC8FD5B00187885 /* Models/WorkoutTracker.xcdatamodeld in Sources */ = {isa = PBXBuildFile; fileRef = 1A2B3C4D5E6F7G8H9I0J1A2Y /* Models/WorkoutTracker.xcdatamodeld */; };
		D42398552DC8FD6A00187885 /* Models/DataManager.swift in Sources */ = {isa = PBXBuildFile; fileRef = 1A2B3C4D5E6F7G8H9I0J1A2I /* Models/DataManager.swift */; };
		D42398562DC8FD8C00187885 /* Models/WorkoutModel.swift in Sources */ = {isa = PBXBuildFile; fileRef = 1A2B3C4D5E6F7G8H9I0J1A2E /* Models/WorkoutModel.swift */; };
		D465C28E2DB8608D003498CD /* Assets.xcassets in Resources */ = {isa = PBXBuildFile; fileRef = D465C28C2DB8608D003498CD /* Assets.xcassets */; };
		D4DF66F82DC2AB1500CAEE1C /* WidgetKit.framework in Frameworks */ = {isa = PBXBuildFile; fileRef = D4DF66C62DC2A85000CAEE1C /* WidgetKit.framework */; };
		D4DF66F92DC2AB1500CAEE1C /* SwiftUI.framework in Frameworks */ = {isa = PBXBuildFile; fileRef = D4DF66C82DC2A85000CAEE1C /* SwiftUI.framework */; };
		D4DF670A2DC2AB1700CAEE1C /* WidgetExtension.appex in Embed Foundation Extensions */ = {isa = PBXBuildFile; fileRef = D4DF66F72DC2AB1500CAEE1C /* WidgetExtension.appex */; settings = {ATTRIBUTES = (RemoveHeadersOnCopy, ); }; };
/* End PBXBuildFile section */

/* Begin PBXContainerItemProxy section */
		D4DF67082DC2AB1700CAEE1C /* PBXContainerItemProxy */ = {
			isa = PBXContainerItemProxy;
			containerPortal = 1A2B3C4D5E6F7G8H9I0J1A3M /* Project object */;
			proxyType = 1;
			remoteGlobalIDString = D4DF66F62DC2AB1500CAEE1C;
			remoteInfo = WidgetExtension;
		};
/* End PBXContainerItemProxy section */

/* Begin PBXCopyFilesBuildPhase section */
		D40D73A02DC3B32100610646 /* Embed App Extensions */ = {
			isa = PBXCopyFilesBuildPhase;
			buildActionMask = 2147483647;
			dstPath = "";
			dstSubfolderSpec = 13;
			files = (
			);
			name = "Embed App Extensions";
			runOnlyForDeploymentPostprocessing = 0;
		};
		D4DF66DB2DC2A85100CAEE1C /* Embed Foundation Extensions */ = {
			isa = PBXCopyFilesBuildPhase;
			buildActionMask = 2147483647;
			dstPath = "";
			dstSubfolderSpec = 13;
			files = (
				D4DF670A2DC2AB1700CAEE1C /* WidgetExtension.appex in Embed Foundation Extensions */,
			);
			name = "Embed Foundation Extensions";
			runOnlyForDeploymentPostprocessing = 0;
		};
/* End PBXCopyFilesBuildPhase section */

/* Begin PBXFileReference section */
		1A2B3C4D5E6F7G8H9I0J1A2A /* WorkoutTracker.app */ = {isa = PBXFileReference; explicitFileType = wrapper.application; includeInIndex = 0; path = WorkoutTracker.app; sourceTree = BUILT_PRODUCTS_DIR; };
		1A2B3C4D5E6F7G8H9I0J1A2C /* WorkoutTrackerApp.swift */ = {isa = PBXFileReference; lastKnownFileType = sourcecode.swift; path = WorkoutTrackerApp.swift; sourceTree = "<group>"; };
		1A2B3C4D5E6F7G8H9I0J1A2E /* Models/WorkoutModel.swift */ = {isa = PBXFileReference; lastKnownFileType = sourcecode.swift; path = Models/WorkoutModel.swift; sourceTree = "<group>"; };
		1A2B3C4D5E6F7G8H9I0J1A2G /* Models/ExerciseModel.swift */ = {isa = PBXFileReference; lastKnownFileType = sourcecode.swift; path = Models/ExerciseModel.swift; sourceTree = "<group>"; };
		1A2B3C4D5E6F7G8H9I0J1A2I /* Models/DataManager.swift */ = {isa = PBXFileReference; lastKnownFileType = sourcecode.swift; path = Models/DataManager.swift; sourceTree = "<group>"; };
		1A2B3C4D5E6F7G8H9I0J1A2K /* Views/WorkoutListView.swift */ = {isa = PBXFileReference; lastKnownFileType = sourcecode.swift; path = Views/WorkoutListView.swift; sourceTree = "<group>"; };
		1A2B3C4D5E6F7G8H9I0J1A2M /* Views/WorkoutDetailView.swift */ = {isa = PBXFileReference; lastKnownFileType = sourcecode.swift; path = Views/WorkoutDetailView.swift; sourceTree = "<group>"; };
		1A2B3C4D5E6F7G8H9I0J1A2O /* Views/ExerciseDetailView.swift */ = {isa = PBXFileReference; lastKnownFileType = sourcecode.swift; path = Views/ExerciseDetailView.swift; sourceTree = "<group>"; };
		1A2B3C4D5E6F7G8H9I0J1A2Q /* Views/AddWorkoutView.swift */ = {isa = PBXFileReference; lastKnownFileType = sourcecode.swift; path = Views/AddWorkoutView.swift; sourceTree = "<group>"; };
		1A2B3C4D5E6F7G8H9I0J1A2S /* Views/AddExerciseView.swift */ = {isa = PBXFileReference; lastKnownFileType = sourcecode.swift; path = Views/AddExerciseView.swift; sourceTree = "<group>"; };
		1A2B3C4D5E6F7G8H9I0J1A2U /* Views/ProgressView.swift */ = {isa = PBXFileReference; lastKnownFileType = sourcecode.swift; path = Views/ProgressView.swift; sourceTree = "<group>"; };
		1A2B3C4D5E6F7G8H9I0J1A2W /* Views/SettingsView.swift */ = {isa = PBXFileReference; lastKnownFileType = sourcecode.swift; path = Views/SettingsView.swift; sourceTree = "<group>"; };
		1A2B3C4D5E6F7G8H9I0J1A2Z /* WorkoutTracker.xcdatamodel */ = {isa = PBXFileReference; lastKnownFileType = file.xcdatamodel; path = WorkoutTracker.xcdatamodel; sourceTree = "<group>"; };
		D40FD9082DC84B2B00FB9158 /* WidgetExtension.entitlements */ = {isa = PBXFileReference; lastKnownFileType = text.plist.entitlements; path = WidgetExtension.entitlements; sourceTree = "<group>"; };
		D40FD9092DC84B3A00FB9158 /* WorkoutTracker.entitlements */ = {isa = PBXFileReference; lastKnownFileType = text.plist.entitlements; path = WorkoutTracker.entitlements; sourceTree = "<group>"; };
		D465C28C2DB8608D003498CD /* Assets.xcassets */ = {isa = PBXFileReference; lastKnownFileType = folder.assetcatalog; path = Assets.xcassets; sourceTree = "<group>"; };
		D465C28D2DB8608D003498CD /* Info.plist */ = {isa = PBXFileReference; lastKnownFileType = text.plist.xml; path = Info.plist; sourceTree = "<group>"; };
		D4DF66C62DC2A85000CAEE1C /* WidgetKit.framework */ = {isa = PBXFileReference; lastKnownFileType = wrapper.framework; name = WidgetKit.framework; path = System/Library/Frameworks/WidgetKit.framework; sourceTree = SDKROOT; };
		D4DF66C82DC2A85000CAEE1C /* SwiftUI.framework */ = {isa = PBXFileReference; lastKnownFileType = wrapper.framework; name = SwiftUI.framework; path = System/Library/Frameworks/SwiftUI.framework; sourceTree = SDKROOT; };
		D4DF66F72DC2AB1500CAEE1C /* WidgetExtension.appex */ = {isa = PBXFileReference; explicitFileType = "wrapper.app-extension"; includeInIndex = 0; path = WidgetExtension.appex; sourceTree = BUILT_PRODUCTS_DIR; };
/* End PBXFileReference section */

/* Begin PBXFileSystemSynchronizedBuildFileExceptionSet section */
		D477F34C2DC9249A00359DB1 /* PBXFileSystemSynchronizedBuildFileExceptionSet */ = {
			isa = PBXFileSystemSynchronizedBuildFileExceptionSet;
			membershipExceptions = (
				Info.plist,
			);
			target = D4DF66F62DC2AB1500CAEE1C /* WidgetExtension */;
		};
/* End PBXFileSystemSynchronizedBuildFileExceptionSet section */

/* Begin PBXFileSystemSynchronizedRootGroup section */
		D4DF66FA2DC2AB1500CAEE1C /* Widget */ = {isa = PBXFileSystemSynchronizedRootGroup; exceptions = (D477F34C2DC9249A00359DB1 /* PBXFileSystemSynchronizedBuildFileExceptionSet */, ); explicitFileTypes = {}; explicitFolders = (); path = Widget; sourceTree = "<group>"; };
/* End PBXFileSystemSynchronizedRootGroup section */

/* Begin PBXFrameworksBuildPhase section */
		1A2B3C4D5E6F7G8H9I0J1A3A /* Frameworks */ = {
			isa = PBXFrameworksBuildPhase;
			buildActionMask = 2147483647;
			files = (
			);
			runOnlyForDeploymentPostprocessing = 0;
		};
		D4DF66F42DC2AB1500CAEE1C /* Frameworks */ = {
			isa = PBXFrameworksBuildPhase;
			buildActionMask = 2147483647;
			files = (
				D4DF66F92DC2AB1500CAEE1C /* SwiftUI.framework in Frameworks */,
				D4DF66F82DC2AB1500CAEE1C /* WidgetKit.framework in Frameworks */,
			);
			runOnlyForDeploymentPostprocessing = 0;
		};
/* End PBXFrameworksBuildPhase section */

/* Begin PBXGroup section */
		1A2B3C4D5E6F7G8H9I0J1A3B /* Products */ = {
			isa = PBXGroup;
			children = (
				1A2B3C4D5E6F7G8H9I0J1A2A /* WorkoutTracker.app */,
				D4DF66F72DC2AB1500CAEE1C /* WidgetExtension.appex */,
			);
			name = Products;
			sourceTree = "<group>";
		};
		1A2B3C4D5E6F7G8H9I0J1A3C /* WorkoutTracker */ = {
			isa = PBXGroup;
			children = (
				D40FD9092DC84B3A00FB9158 /* WorkoutTracker.entitlements */,
				1A2B3C4D5E6F7G8H9I0J1A2C /* WorkoutTrackerApp.swift */,
				1A2B3C4D5E6F7G8H9I0J1A3D /* Models */,
				1A2B3C4D5E6F7G8H9I0J1A3E /* Views */,
			);
			path = WorkoutTracker;
			sourceTree = "<group>";
		};
		1A2B3C4D5E6F7G8H9I0J1A3D /* Models */ = {
			isa = PBXGroup;
			children = (
				1A2B3C4D5E6F7G8H9I0J1A2E /* Models/WorkoutModel.swift */,
				1A2B3C4D5E6F7G8H9I0J1A2G /* Models/ExerciseModel.swift */,
				1A2B3C4D5E6F7G8H9I0J1A2I /* Models/DataManager.swift */,
				1A2B3C4D5E6F7G8H9I0J1A2Y /* Models/WorkoutTracker.xcdatamodeld */,
			);
			path = Models;
			sourceTree = "<group>";
		};
		1A2B3C4D5E6F7G8H9I0J1A3E /* Views */ = {
			isa = PBXGroup;
			children = (
				1A2B3C4D5E6F7G8H9I0J1A2K /* Views/WorkoutListView.swift */,
				1A2B3C4D5E6F7G8H9I0J1A2M /* Views/WorkoutDetailView.swift */,
				1A2B3C4D5E6F7G8H9I0J1A2O /* Views/ExerciseDetailView.swift */,
				1A2B3C4D5E6F7G8H9I0J1A2Q /* Views/AddWorkoutView.swift */,
				1A2B3C4D5E6F7G8H9I0J1A2S /* Views/AddExerciseView.swift */,
				1A2B3C4D5E6F7G8H9I0J1A2U /* Views/ProgressView.swift */,
				1A2B3C4D5E6F7G8H9I0J1A2W /* Views/SettingsView.swift */,
			);
			path = Views;
			sourceTree = "<group>";
		};
		1A2B3C4D5E6F7G8H9I0J1A3H = {
			isa = PBXGroup;
			children = (
				D40FD9082DC84B2B00FB9158 /* WidgetExtension.entitlements */,
				D465C28C2DB8608D003498CD /* Assets.xcassets */,
				D465C28D2DB8608D003498CD /* Info.plist */,
				1A2B3C4D5E6F7G8H9I0J1A3C /* WorkoutTracker */,
				D4DF66FA2DC2AB1500CAEE1C /* Widget */,
				D4DF66C52DC2A85000CAEE1C /* Frameworks */,
				1A2B3C4D5E6F7G8H9I0J1A3B /* Products */,
			);
			sourceTree = "<group>";
		};
		D4DF66C52DC2A85000CAEE1C /* Frameworks */ = {
			isa = PBXGroup;
			children = (
				D4DF66C62DC2A85000CAEE1C /* WidgetKit.framework */,
				D4DF66C82DC2A85000CAEE1C /* SwiftUI.framework */,
			);
			name = Frameworks;
			sourceTree = "<group>";
		};
/* End PBXGroup section */

/* Begin PBXNativeTarget section */
		1A2B3C4D5E6F7G8H9I0J1A3I /* WorkoutTracker */ = {
			isa = PBXNativeTarget;
			buildConfigurationList = 1A2B3C4D5E6F7G8H9I0J1A3J /* Build configuration list for PBXNativeTarget "WorkoutTracker" */;
			buildPhases = (
				1A2B3C4D5E6F7G8H9I0J1A3K /* Sources */,
				1A2B3C4D5E6F7G8H9I0J1A3A /* Frameworks */,
				1A2B3C4D5E6F7G8H9I0J1A3L /* Resources */,
				D4DF66DB2DC2A85100CAEE1C /* Embed Foundation Extensions */,
			);
			buildRules = (
			);
			dependencies = (
				D4DF67092DC2AB1700CAEE1C /* PBXTargetDependency */,
			);
			name = WorkoutTracker;
			productName = WorkoutTracker;
			productReference = 1A2B3C4D5E6F7G8H9I0J1A2A /* WorkoutTracker.app */;
			productType = "com.apple.product-type.application";
		};
		D4DF66F62DC2AB1500CAEE1C /* WidgetExtension */ = {
			isa = PBXNativeTarget;
			buildConfigurationList = D4DF670C2DC2AB1700CAEE1C /* Build configuration list for PBXNativeTarget "WidgetExtension" */;
			buildPhases = (
				D4DF66F32DC2AB1500CAEE1C /* Sources */,
				D4DF66F42DC2AB1500CAEE1C /* Frameworks */,
				D4DF66F52DC2AB1500CAEE1C /* Resources */,
				D40D73A02DC3B32100610646 /* Embed App Extensions */,
			);
			buildRules = (
			);
			dependencies = (
			);
			fileSystemSynchronizedGroups = (
				D4DF66FA2DC2AB1500CAEE1C /* Widget */,
			);
			name = WidgetExtension;
			packageProductDependencies = (
			);
			productName = WidgetExtension;
			productReference = D4DF66F72DC2AB1500CAEE1C /* WidgetExtension.appex */;
			productType = "com.apple.product-type.app-extension";
		};
/* End PBXNativeTarget section */

/* Begin PBXProject section */
		1A2B3C4D5E6F7G8H9I0J1A3M /* Project object */ = {
			isa = PBXProject;
			attributes = {
				BuildIndependentTargetsInParallel = 1;
				LastSwiftUpdateCheck = 1620;
				LastUpgradeCheck = 1500;
				TargetAttributes = {
					1A2B3C4D5E6F7G8H9I0J1A3I = {
						CreatedOnToolsVersion = 15.0;
					};
					D4DF66F62DC2AB1500CAEE1C = {
						CreatedOnToolsVersion = 16.2;
					};
				};
			};
			buildConfigurationList = 1A2B3C4D5E6F7G8H9I0J1A3N /* Build configuration list for PBXProject "WorkoutTracker" */;
			compatibilityVersion = "Xcode 13.0";
			developmentRegion = en;
			hasScannedForEncodings = 0;
			knownRegions = (
				en,
				Base,
			);
			mainGroup = 1A2B3C4D5E6F7G8H9I0J1A3H;
			productRefGroup = 1A2B3C4D5E6F7G8H9I0J1A3B /* Products */;
			projectDirPath = "";
			projectRoot = "";
			targets = (
				1A2B3C4D5E6F7G8H9I0J1A3I /* WorkoutTracker */,
				D4DF66F62DC2AB1500CAEE1C /* WidgetExtension */,
			);
		};
/* End PBXProject section */

/* Begin PBXResourcesBuildPhase section */
		1A2B3C4D5E6F7G8H9I0J1A3L /* Resources */ = {
			isa = PBXResourcesBuildPhase;
			buildActionMask = 2147483647;
			files = (
				D465C28E2DB8608D003498CD /* Assets.xcassets in Resources */,
			);
			runOnlyForDeploymentPostprocessing = 0;
		};
		D4DF66F52DC2AB1500CAEE1C /* Resources */ = {
			isa = PBXResourcesBuildPhase;
			buildActionMask = 2147483647;
			files = (
			);
			runOnlyForDeploymentPostprocessing = 0;
		};
/* End PBXResourcesBuildPhase section */

/* Begin PBXSourcesBuildPhase section */
		1A2B3C4D5E6F7G8H9I0J1A3K /* Sources */ = {
			isa = PBXSourcesBuildPhase;
			buildActionMask = 2147483647;
			files = (
				1A2B3C4D5E6F7G8H9I0J1A2D /* Models/WorkoutModel.swift in Sources */,
				1A2B3C4D5E6F7G8H9I0J1A2F /* Models/ExerciseModel.swift in Sources */,
				1A2B3C4D5E6F7G8H9I0J1A2H /* Models/DataManager.swift in Sources */,
				1A2B3C4D5E6F7G8H9I0J1A2J /* Views/WorkoutListView.swift in Sources */,
				1A2B3C4D5E6F7G8H9I0J1A2L /* Views/WorkoutDetailView.swift in Sources */,
				1A2B3C4D5E6F7G8H9I0J1A2N /* Views/ExerciseDetailView.swift in Sources */,
				1A2B3C4D5E6F7G8H9I0J1A2P /* Views/AddWorkoutView.swift in Sources */,
				1A2B3C4D5E6F7G8H9I0J1A2R /* Views/AddExerciseView.swift in Sources */,
				1A2B3C4D5E6F7G8H9I0J1A2T /* Views/ProgressView.swift in Sources */,
				1A2B3C4D5E6F7G8H9I0J1A2V /* Views/SettingsView.swift in Sources */,
				1A2B3C4D5E6F7G8H9I0J1A2X /* Models/WorkoutTracker.xcdatamodeld in Sources */,
				1A2B3C4D5E6F7G8H9I0J1A2B /* WorkoutTrackerApp.swift in Sources */,
			);
			runOnlyForDeploymentPostprocessing = 0;
		};
		D4DF66F32DC2AB1500CAEE1C /* Sources */ = {
			isa = PBXSourcesBuildPhase;
			buildActionMask = 2147483647;
			files = (
				D42398542DC8FD5B00187885 /* Models/WorkoutTracker.xcdatamodeld in Sources */,
				D42398562DC8FD8C00187885 /* Models/WorkoutModel.swift in Sources */,
				D42398552DC8FD6A00187885 /* Models/DataManager.swift in Sources */,
				D42398532DC8FD4700187885 /* Models/ExerciseModel.swift in Sources */,
			);
			runOnlyForDeploymentPostprocessing = 0;
		};
/* End PBXSourcesBuildPhase section */

/* Begin PBXTargetDependency section */
		D4DF67092DC2AB1700CAEE1C /* PBXTargetDependency */ = {
			isa = PBXTargetDependency;
			target = D4DF66F62DC2AB1500CAEE1C /* WidgetExtension */;
			targetProxy = D4DF67082DC2AB1700CAEE1C /* PBXContainerItemProxy */;
		};
/* End PBXTargetDependency section */

/* Begin XCBuildConfiguration section */
		1A2B3C4D5E6F7G8H9I0J1A3O /* Debug */ = {
			isa = XCBuildConfiguration;
			buildSettings = {
				ALWAYS_SEARCH_USER_PATHS = NO;
				ASSETCATALOG_COMPILER_GENERATE_SWIFT_ASSET_SYMBOL_EXTENSIONS = YES;
				CLANG_ANALYZER_NONNULL = YES;
				CLANG_ANALYZER_NUMBER_OBJECT_CONVERSION = YES_AGGRESSIVE;
				CLANG_CXX_LANGUAGE_STANDARD = "gnu++20";
				CLANG_ENABLE_MODULES = YES;
				CLANG_ENABLE_OBJC_ARC = YES;
				CLANG_ENABLE_OBJC_WEAK = YES;
				CLANG_WARN_BLOCK_CAPTURE_AUTORELEASING = YES;
				CLANG_WARN_BOOL_CONVERSION = YES;
				CLANG_WARN_COMMA = YES;
				CLANG_WARN_CONSTANT_CONVERSION = YES;
				CLANG_WARN_DEPRECATED_OBJC_IMPLEMENTATIONS = YES;
				CLANG_WARN_DIRECT_OBJC_ISA_USAGE = YES_ERROR;
				CLANG_WARN_DOCUMENTATION_COMMENTS = YES;
				CLANG_WARN_EMPTY_BODY = YES;
				CLANG_WARN_ENUM_CONVERSION = YES;
				CLANG_WARN_INFINITE_RECURSION = YES;
				CLANG_WARN_INT_CONVERSION = YES;
				CLANG_WARN_NON_LITERAL_NULL_CONVERSION = YES;
				CLANG_WARN_OBJC_IMPLICIT_RETAIN_SELF = YES;
				CLANG_WARN_OBJC_LITERAL_CONVERSION = YES;
				CLANG_WARN_OBJC_ROOT_CLASS = YES_ERROR;
				CLANG_WARN_QUOTED_INCLUDE_IN_FRAMEWORK_HEADER = YES;
				CLANG_WARN_RANGE_LOOP_ANALYSIS = YES;
				CLANG_WARN_STRICT_PROTOTYPES = YES;
				CLANG_WARN_SUSPICIOUS_MOVE = YES;
				CLANG_WARN_UNGUARDED_AVAILABILITY = YES_AGGRESSIVE;
				CLANG_WARN_UNREACHABLE_CODE = YES;
				CLANG_WARN__DUPLICATE_METHOD_MATCH = YES;
				COPY_PHASE_STRIP = NO;
				DEBUG_INFORMATION_FORMAT = dwarf;
				ENABLE_STRICT_OBJC_MSGSEND = YES;
				ENABLE_TESTABILITY = YES;
				ENABLE_USER_SCRIPT_SANDBOXING = YES;
				GCC_C_LANGUAGE_STANDARD = gnu17;
				GCC_DYNAMIC_NO_PIC = NO;
				GCC_NO_COMMON_BLOCKS = YES;
				GCC_OPTIMIZATION_LEVEL = 0;
				GCC_PREPROCESSOR_DEFINITIONS = (
					"DEBUG=1",
					"$(inherited)",
				);
				GCC_WARN_64_TO_32_BIT_CONVERSION = YES;
				GCC_WARN_ABOUT_RETURN_TYPE = YES_ERROR;
				GCC_WARN_UNDECLARED_SELECTOR = YES;
				GCC_WARN_UNINITIALIZED_AUTOS = YES_AGGRESSIVE;
				GCC_WARN_UNUSED_FUNCTION = YES;
				GCC_WARN_UNUSED_VARIABLE = YES;
				IPHONEOS_DEPLOYMENT_TARGET = 17.0;
				LOCALIZATION_PREFERS_STRING_CATALOGS = YES;
				MTL_ENABLE_DEBUG_INFO = INCLUDE_SOURCE;
				MTL_FAST_MATH = YES;
				ONLY_ACTIVE_ARCH = YES;
				SDKROOT = iphoneos;
				SWIFT_ACTIVE_COMPILATION_CONDITIONS = "DEBUG $(inherited)";
				SWIFT_OPTIMIZATION_LEVEL = "-Onone";
			};
			name = Debug;
		};
		1A2B3C4D5E6F7G8H9I0J1A3P /* Release */ = {
			isa = XCBuildConfiguration;
			buildSettings = {
				ALWAYS_SEARCH_USER_PATHS = NO;
				ASSETCATALOG_COMPILER_GENERATE_SWIFT_ASSET_SYMBOL_EXTENSIONS = YES;
				CLANG_ANALYZER_NONNULL = YES;
				CLANG_ANALYZER_NUMBER_OBJECT_CONVERSION = YES_AGGRESSIVE;
				CLANG_CXX_LANGUAGE_STANDARD = "gnu++20";
				CLANG_ENABLE_MODULES = YES;
				CLANG_ENABLE_OBJC_ARC = YES;
				CLANG_ENABLE_OBJC_WEAK = YES;
				CLANG_WARN_BLOCK_CAPTURE_AUTORELEASING = YES;
				CLANG_WARN_BOOL_CONVERSION = YES;
				CLANG_WARN_COMMA = YES;
				CLANG_WARN_CONSTANT_CONVERSION = YES;
				CLANG_WARN_DEPRECATED_OBJC_IMPLEMENTATIONS = YES;
				CLANG_WARN_DIRECT_OBJC_ISA_USAGE = YES_ERROR;
				CLANG_WARN_DOCUMENTATION_COMMENTS = YES;
				CLANG_WARN_EMPTY_BODY = YES;
				CLANG_WARN_ENUM_CONVERSION = YES;
				CLANG_WARN_INFINITE_RECURSION = YES;
				CLANG_WARN_INT_CONVERSION = YES;
				CLANG_WARN_NON_LITERAL_NULL_CONVERSION = YES;
				CLANG_WARN_OBJC_IMPLICIT_RETAIN_SELF = YES;
				CLANG_WARN_OBJC_LITERAL_CONVERSION = YES;
				CLANG_WARN_OBJC_ROOT_CLASS = YES_ERROR;
				CLANG_WARN_QUOTED_INCLUDE_IN_FRAMEWORK_HEADER = YES;
				CLANG_WARN_RANGE_LOOP_ANALYSIS = YES;
				CLANG_WARN_STRICT_PROTOTYPES = YES;
				CLANG_WARN_SUSPICIOUS_MOVE = YES;
				CLANG_WARN_UNGUARDED_AVAILABILITY = YES_AGGRESSIVE;
				CLANG_WARN_UNREACHABLE_CODE = YES;
				CLANG_WARN__DUPLICATE_METHOD_MATCH = YES;
				COPY_PHASE_STRIP = NO;
				DEBUG_INFORMATION_FORMAT = "dwarf-with-dsym";
				ENABLE_NS_ASSERTIONS = NO;
				ENABLE_STRICT_OBJC_MSGSEND = YES;
				ENABLE_USER_SCRIPT_SANDBOXING = YES;
				GCC_C_LANGUAGE_STANDARD = gnu17;
				GCC_NO_COMMON_BLOCKS = YES;
				GCC_WARN_64_TO_32_BIT_CONVERSION = YES;
				GCC_WARN_ABOUT_RETURN_TYPE = YES_ERROR;
				GCC_WARN_UNDECLARED_SELECTOR = YES;
				GCC_WARN_UNINITIALIZED_AUTOS = YES_AGGRESSIVE;
				GCC_WARN_UNUSED_FUNCTION = YES;
				GCC_WARN_UNUSED_VARIABLE = YES;
				IPHONEOS_DEPLOYMENT_TARGET = 17.0;
				LOCALIZATION_PREFERS_STRING_CATALOGS = YES;
				MTL_ENABLE_DEBUG_INFO = NO;
				MTL_FAST_MATH = YES;
				SDKROOT = iphoneos;
				SWIFT_COMPILATION_MODE = wholemodule;
				VALIDATE_PRODUCT = YES;
			};
			name = Release;
		};
		1A2B3C4D5E6F7G8H9I0J1A3Q /* Debug */ = {
			isa = XCBuildConfiguration;
			buildSettings = {
				ASSETCATALOG_COMPILER_APPICON_NAME = AppIcon;
				ASSETCATALOG_COMPILER_GLOBAL_ACCENT_COLOR_NAME = AccentColor;
				CODE_SIGN_ENTITLEMENTS = WorkoutTracker/WorkoutTracker.entitlements;
				CODE_SIGN_STYLE = Automatic;
				CURRENT_PROJECT_VERSION = 1;
				DEVELOPMENT_ASSET_PATHS = "";
				DEVELOPMENT_TEAM = 7VJZ58KYD5;
				ENABLE_PREVIEWS = YES;
				GENERATE_INFOPLIST_FILE = YES;
				INFOPLIST_KEY_CFBundleDisplayName = "Progress Buddy";
				INFOPLIST_KEY_LSApplicationCategoryType = "public.app-category.healthcare-fitness";
				INFOPLIST_KEY_UIApplicationSceneManifest_Generation = YES;
				INFOPLIST_KEY_UIApplicationSupportsIndirectInputEvents = YES;
				INFOPLIST_KEY_UILaunchScreen_Generation = YES;
				INFOPLIST_KEY_UISupportedInterfaceOrientations = "UIInterfaceOrientationLandscapeLeft UIInterfaceOrientationLandscapeRight UIInterfaceOrientationPortrait UIInterfaceOrientationPortraitUpsideDown";
				LD_RUNPATH_SEARCH_PATHS = (
					"$(inherited)",
					"@executable_path/Frameworks",
				);
				MARKETING_VERSION = 1.0;
				PRODUCT_BUNDLE_IDENTIFIER = com.HiraGoel.WorkoutTracker;
				PRODUCT_NAME = "$(TARGET_NAME)";
				SWIFT_EMIT_LOC_STRINGS = YES;
				SWIFT_VERSION = 5.0;
				TARGETED_DEVICE_FAMILY = "1,2";
			};
			name = Debug;
		};
		1A2B3C4D5E6F7G8H9I0J1A3R /* Release */ = {
			isa = XCBuildConfiguration;
			buildSettings = {
				ASSETCATALOG_COMPILER_APPICON_NAME = AppIcon;
				ASSETCATALOG_COMPILER_GLOBAL_ACCENT_COLOR_NAME = AccentColor;
				CODE_SIGN_ENTITLEMENTS = WorkoutTracker/WorkoutTracker.entitlements;
				CODE_SIGN_STYLE = Automatic;
				CURRENT_PROJECT_VERSION = 1;
				DEVELOPMENT_ASSET_PATHS = "";
				DEVELOPMENT_TEAM = 7VJZ58KYD5;
				ENABLE_PREVIEWS = YES;
				GENERATE_INFOPLIST_FILE = YES;
				INFOPLIST_KEY_CFBundleDisplayName = "Progress Buddy";
				INFOPLIST_KEY_LSApplicationCategoryType = "public.app-category.healthcare-fitness";
				INFOPLIST_KEY_UIApplicationSceneManifest_Generation = YES;
				INFOPLIST_KEY_UIApplicationSupportsIndirectInputEvents = YES;
				INFOPLIST_KEY_UILaunchScreen_Generation = YES;
				INFOPLIST_KEY_UISupportedInterfaceOrientations = "UIInterfaceOrientationLandscapeLeft UIInterfaceOrientationLandscapeRight UIInterfaceOrientationPortrait UIInterfaceOrientationPortraitUpsideDown";
				LD_RUNPATH_SEARCH_PATHS = (
					"$(inherited)",
					"@executable_path/Frameworks",
				);
				MARKETING_VERSION = 1.0;
				PRODUCT_BUNDLE_IDENTIFIER = com.HiraGoel.WorkoutTracker;
				PRODUCT_NAME = "$(TARGET_NAME)";
				SWIFT_EMIT_LOC_STRINGS = YES;
				SWIFT_VERSION = 5.0;
				TARGETED_DEVICE_FAMILY = "1,2";
			};
			name = Release;
		};
		D4DF670D2DC2AB1700CAEE1C /* Debug */ = {
			isa = XCBuildConfiguration;
			buildSettings = {
				ASSETCATALOG_COMPILER_GLOBAL_ACCENT_COLOR_NAME = AccentColor;
				ASSETCATALOG_COMPILER_WIDGET_BACKGROUND_COLOR_NAME = WidgetBackground;
				CODE_SIGN_ENTITLEMENTS = WidgetExtension.entitlements;
				CODE_SIGN_STYLE = Automatic;
				CURRENT_PROJECT_VERSION = 1;
				DEVELOPMENT_TEAM = 7VJZ58KYD5;
				GENERATE_INFOPLIST_FILE = YES;
				INFOPLIST_FILE = Widget/Info.plist;
				INFOPLIST_KEY_CFBundleDisplayName = Widget;
				INFOPLIST_KEY_NSHumanReadableCopyright = "";
				IPHONEOS_DEPLOYMENT_TARGET = 18.2;
				LD_RUNPATH_SEARCH_PATHS = (
					"$(inherited)",
					"@executable_path/Frameworks",
					"@executable_path/../../Frameworks",
				);
				MARKETING_VERSION = 1.0;
				PRODUCT_BUNDLE_IDENTIFIER = com.HiraGoel.WorkoutTracker.Widget;
				PRODUCT_NAME = "$(TARGET_NAME)";
				SKIP_INSTALL = YES;
				SWIFT_EMIT_LOC_STRINGS = YES;
				SWIFT_VERSION = 5.0;
				TARGETED_DEVICE_FAMILY = "1,2";
			};
			name = Debug;
		};
		D4DF670E2DC2AB1700CAEE1C /* Release */ = {
			isa = XCBuildConfiguration;
			buildSettings = {
				ASSETCATALOG_COMPILER_GLOBAL_ACCENT_COLOR_NAME = AccentColor;
				ASSETCATALOG_COMPILER_WIDGET_BACKGROUND_COLOR_NAME = WidgetBackground;
				CODE_SIGN_ENTITLEMENTS = WidgetExtension.entitlements;
				CODE_SIGN_STYLE = Automatic;
				CURRENT_PROJECT_VERSION = 1;
				DEVELOPMENT_TEAM = 7VJZ58KYD5;
				GENERATE_INFOPLIST_FILE = YES;
				INFOPLIST_FILE = Widget/Info.plist;
				INFOPLIST_KEY_CFBundleDisplayName = Widget;
				INFOPLIST_KEY_NSHumanReadableCopyright = "";
				IPHONEOS_DEPLOYMENT_TARGET = 18.2;
				LD_RUNPATH_SEARCH_PATHS = (
					"$(inherited)",
					"@executable_path/Frameworks",
					"@executable_path/../../Frameworks",
				);
				MARKETING_VERSION = 1.0;
				PRODUCT_BUNDLE_IDENTIFIER = com.HiraGoel.WorkoutTracker.Widget;
				PRODUCT_NAME = "$(TARGET_NAME)";
				SKIP_INSTALL = YES;
				SWIFT_EMIT_LOC_STRINGS = YES;
				SWIFT_VERSION = 5.0;
				TARGETED_DEVICE_FAMILY = "1,2";
			};
			name = Release;
		};
/* End XCBuildConfiguration section */

/* Begin XCConfigurationList section */
		1A2B3C4D5E6F7G8H9I0J1A3J /* Build configuration list for PBXNativeTarget "WorkoutTracker" */ = {
			isa = XCConfigurationList;
			buildConfigurations = (
				1A2B3C4D5E6F7G8H9I0J1A3Q /* Debug */,
				1A2B3C4D5E6F7G8H9I0J1A3R /* Release */,
			);
			defaultConfigurationIsVisible = 0;
			defaultConfigurationName = Release;
		};
		1A2B3C4D5E6F7G8H9I0J1A3N /* Build configuration list for PBXProject "WorkoutTracker" */ = {
			isa = XCConfigurationList;
			buildConfigurations = (
				1A2B3C4D5E6F7G8H9I0J1A3O /* Debug */,
				1A2B3C4D5E6F7G8H9I0J1A3P /* Release */,
			);
			defaultConfigurationIsVisible = 0;
			defaultConfigurationName = Release;
		};
		D4DF670C2DC2AB1700CAEE1C /* Build configuration list for PBXNativeTarget "WidgetExtension" */ = {
			isa = XCConfigurationList;
			buildConfigurations = (
				D4DF670D2DC2AB1700CAEE1C /* Debug */,
				D4DF670E2DC2AB1700CAEE1C /* Release */,
			);
			defaultConfigurationIsVisible = 0;
			defaultConfigurationName = Release;
		};
/* End XCConfigurationList section */

/* Begin XCVersionGroup section */
		1A2B3C4D5E6F7G8H9I0J1A2Y /* Models/WorkoutTracker.xcdatamodeld */ = {
			isa = XCVersionGroup;
			children = (
				1A2B3C4D5E6F7G8H9I0J1A2Z /* WorkoutTracker.xcdatamodel */,
			);
			currentVersion = 1A2B3C4D5E6F7G8H9I0J1A2Z /* WorkoutTracker.xcdatamodel */;
			path = Models/WorkoutTracker.xcdatamodeld;
			sourceTree = "<group>";
			versionGroupType = wrapper.xcdatamodel;
		};
/* End XCVersionGroup section */
	};
	rootObject = 1A2B3C4D5E6F7G8H9I0J1A3M /* Project object */;
}
