// !$*UTF8*$!
{
	archiveVersion = 1;
	classes = {
	};
	objectVersion = 77;
	objects = {

/* Begin PBXContainerItemProxy section */
		D41F85252DC3BB9B006A054E /* PBXContainerItemProxy */ = {
			isa = PBXContainerItemProxy;
			containerPortal = D41F85032DC3BB9A006A054E /* Project object */;
			proxyType = 1;
			remoteGlobalIDString = D41F850A2DC3BB9A006A054E;
			remoteInfo = WidgetTestApp;
		};
		D41F852F2DC3BB9B006A054E /* PBXContainerItemProxy */ = {
			isa = PBXContainerItemProxy;
			containerPortal = D41F85032DC3BB9A006A054E /* Project object */;
			proxyType = 1;
			remoteGlobalIDString = D41F850A2DC3BB9A006A054E;
			remoteInfo = WidgetTestApp;
		};
/* End PBXContainerItemProxy section */

/* Begin PBXFileReference section */
		D41F850B2DC3BB9A006A054E /* WidgetTestApp.app */ = {isa = PBXFileReference; explicitFileType = wrapper.application; includeInIndex = 0; path = WidgetTestApp.app; sourceTree = BUILT_PRODUCTS_DIR; };
		D41F85242DC3BB9B006A054E /* WidgetTestAppTests.xctest */ = {isa = PBXFileReference; explicitFileType = wrapper.cfbundle; includeInIndex = 0; path = WidgetTestAppTests.xctest; sourceTree = BUILT_PRODUCTS_DIR; };
		D41F852E2DC3BB9B006A054E /* WidgetTestAppUITests.xctest */ = {isa = PBXFileReference; explicitFileType = wrapper.cfbundle; includeInIndex = 0; path = WidgetTestAppUITests.xctest; sourceTree = BUILT_PRODUCTS_DIR; };
/* End PBXFileReference section */

/* Begin PBXFileSystemSynchronizedBuildFileExceptionSet section */
		D41F85362DC3BB9B006A054E /* Exceptions for "WidgetTestApp" folder in "WidgetTestApp" target */ = {
			isa = PBXFileSystemSynchronizedBuildFileExceptionSet;
			membershipExceptions = (
				Info.plist,
			);
			target = D41F850A2DC3BB9A006A054E /* WidgetTestApp */;
		};
/* End PBXFileSystemSynchronizedBuildFileExceptionSet section */

/* Begin PBXFileSystemSynchronizedRootGroup section */
		D41F850D2DC3BB9A006A054E /* WidgetTestApp */ = {
			isa = PBXFileSystemSynchronizedRootGroup;
			exceptions = (
				D41F85362DC3BB9B006A054E /* Exceptions for "WidgetTestApp" folder in "WidgetTestApp" target */,
			);
			path = WidgetTestApp;
			sourceTree = "<group>";
		};
		D41F85272DC3BB9B006A054E /* WidgetTestAppTests */ = {
			isa = PBXFileSystemSynchronizedRootGroup;
			path = WidgetTestAppTests;
			sourceTree = "<group>";
		};
		D41F85312DC3BB9B006A054E /* WidgetTestAppUITests */ = {
			isa = PBXFileSystemSynchronizedRootGroup;
			path = WidgetTestAppUITests;
			sourceTree = "<group>";
		};
/* End PBXFileSystemSynchronizedRootGroup section */

/* Begin PBXFrameworksBuildPhase section */
		D41F85082DC3BB9A006A054E /* Frameworks */ = {
			isa = PBXFrameworksBuildPhase;
			buildActionMask = 2147483647;
			files = (
			);
			runOnlyForDeploymentPostprocessing = 0;
		};
		D41F85212DC3BB9B006A054E /* Frameworks */ = {
			isa = PBXFrameworksBuildPhase;
			buildActionMask = 2147483647;
			files = (
			);
			runOnlyForDeploymentPostprocessing = 0;
		};
		D41F852B2DC3BB9B006A054E /* Frameworks */ = {
			isa = PBXFrameworksBuildPhase;
			buildActionMask = 2147483647;
			files = (
			);
			runOnlyForDeploymentPostprocessing = 0;
		};
/* End PBXFrameworksBuildPhase section */

/* Begin PBXGroup section */
		D41F85022DC3BB9A006A054E = {
			isa = PBXGroup;
			children = (
				D41F850D2DC3BB9A006A054E /* WidgetTestApp */,
				D41F85272DC3BB9B006A054E /* WidgetTestAppTests */,
				D41F85312DC3BB9B006A054E /* WidgetTestAppUITests */,
				D41F850C2DC3BB9A006A054E /* Products */,
			);
			sourceTree = "<group>";
		};
		D41F850C2DC3BB9A006A054E /* Products */ = {
			isa = PBXGroup;
			children = (
				D41F850B2DC3BB9A006A054E /* WidgetTestApp.app */,
				D41F85242DC3BB9B006A054E /* WidgetTestAppTests.xctest */,
				D41F852E2DC3BB9B006A054E /* WidgetTestAppUITests.xctest */,
			);
			name = Products;
			sourceTree = "<group>";
		};
/* End PBXGroup section */

/* Begin PBXNativeTarget section */
		D41F850A2DC3BB9A006A054E /* WidgetTestApp */ = {
			isa = PBXNativeTarget;
			buildConfigurationList = D41F85372DC3BB9B006A054E /* Build configuration list for PBXNativeTarget "WidgetTestApp" */;
			buildPhases = (
				D41F85072DC3BB9A006A054E /* Sources */,
				D41F85082DC3BB9A006A054E /* Frameworks */,
				D41F85092DC3BB9A006A054E /* Resources */,
			);
			buildRules = (
			);
			dependencies = (
			);
			fileSystemSynchronizedGroups = (
				D41F850D2DC3BB9A006A054E /* WidgetTestApp */,
			);
			name = WidgetTestApp;
			packageProductDependencies = (
			);
			productName = WidgetTestApp;
			productReference = D41F850B2DC3BB9A006A054E /* WidgetTestApp.app */;
			productType = "com.apple.product-type.application";
		};
		D41F85232DC3BB9B006A054E /* WidgetTestAppTests */ = {
			isa = PBXNativeTarget;
			buildConfigurationList = D41F853C2DC3BB9B006A054E /* Build configuration list for PBXNativeTarget "WidgetTestAppTests" */;
			buildPhases = (
				D41F85202DC3BB9B006A054E /* Sources */,
				D41F85212DC3BB9B006A054E /* Frameworks */,
				D41F85222DC3BB9B006A054E /* Resources */,
			);
			buildRules = (
			);
			dependencies = (
				D41F85262DC3BB9B006A054E /* PBXTargetDependency */,
			);
			fileSystemSynchronizedGroups = (
				D41F85272DC3BB9B006A054E /* WidgetTestAppTests */,
			);
			name = WidgetTestAppTests;
			packageProductDependencies = (
			);
			productName = WidgetTestAppTests;
			productReference = D41F85242DC3BB9B006A054E /* WidgetTestAppTests.xctest */;
			productType = "com.apple.product-type.bundle.unit-test";
		};
		D41F852D2DC3BB9B006A054E /* WidgetTestAppUITests */ = {
			isa = PBXNativeTarget;
			buildConfigurationList = D41F853F2DC3BB9B006A054E /* Build configuration list for PBXNativeTarget "WidgetTestAppUITests" */;
			buildPhases = (
				D41F852A2DC3BB9B006A054E /* Sources */,
				D41F852B2DC3BB9B006A054E /* Frameworks */,
				D41F852C2DC3BB9B006A054E /* Resources */,
			);
			buildRules = (
			);
			dependencies = (
				D41F85302DC3BB9B006A054E /* PBXTargetDependency */,
			);
			fileSystemSynchronizedGroups = (
				D41F85312DC3BB9B006A054E /* WidgetTestAppUITests */,
			);
			name = WidgetTestAppUITests;
			packageProductDependencies = (
			);
			productName = WidgetTestAppUITests;
			productReference = D41F852E2DC3BB9B006A054E /* WidgetTestAppUITests.xctest */;
			productType = "com.apple.product-type.bundle.ui-testing";
		};
/* End PBXNativeTarget section */

/* Begin PBXProject section */
		D41F85032DC3BB9A006A054E /* Project object */ = {
			isa = PBXProject;
			attributes = {
				BuildIndependentTargetsInParallel = 1;
				LastSwiftUpdateCheck = 1620;
				LastUpgradeCheck = 1620;
				TargetAttributes = {
					D41F850A2DC3BB9A006A054E = {
						CreatedOnToolsVersion = 16.2;
					};
					D41F85232DC3BB9B006A054E = {
						CreatedOnToolsVersion = 16.2;
						TestTargetID = D41F850A2DC3BB9A006A054E;
					};
					D41F852D2DC3BB9B006A054E = {
						CreatedOnToolsVersion = 16.2;
						TestTargetID = D41F850A2DC3BB9A006A054E;
					};
				};
			};
			buildConfigurationList = D41F85062DC3BB9A006A054E /* Build configuration list for PBXProject "WidgetTestApp" */;
			developmentRegion = en;
			hasScannedForEncodings = 0;
			knownRegions = (
				en,
				Base,
			);
			mainGroup = D41F85022DC3BB9A006A054E;
			minimizedProjectReferenceProxies = 1;
			preferredProjectObjectVersion = 77;
			productRefGroup = D41F850C2DC3BB9A006A054E /* Products */;
			projectDirPath = "";
			projectRoot = "";
			targets = (
				D41F850A2DC3BB9A006A054E /* WidgetTestApp */,
				D41F85232DC3BB9B006A054E /* WidgetTestAppTests */,
				D41F852D2DC3BB9B006A054E /* WidgetTestAppUITests */,
			);
		};
/* End PBXProject section */

/* Begin PBXResourcesBuildPhase section */
		D41F85092DC3BB9A006A054E /* Resources */ = {
			isa = PBXResourcesBuildPhase;
			buildActionMask = 2147483647;
			files = (
			);
			runOnlyForDeploymentPostprocessing = 0;
		};
		D41F85222DC3BB9B006A054E /* Resources */ = {
			isa = PBXResourcesBuildPhase;
			buildActionMask = 2147483647;
			files = (
			);
			runOnlyForDeploymentPostprocessing = 0;
		};
		D41F852C2DC3BB9B006A054E /* Resources */ = {
			isa = PBXResourcesBuildPhase;
			buildActionMask = 2147483647;
			files = (
			);
			runOnlyForDeploymentPostprocessing = 0;
		};
/* End PBXResourcesBuildPhase section */

/* Begin PBXSourcesBuildPhase section */
		D41F85072DC3BB9A006A054E /* Sources */ = {
			isa = PBXSourcesBuildPhase;
			buildActionMask = 2147483647;
			files = (
			);
			runOnlyForDeploymentPostprocessing = 0;
		};
		D41F85202DC3BB9B006A054E /* Sources */ = {
			isa = PBXSourcesBuildPhase;
			buildActionMask = 2147483647;
			files = (
			);
			runOnlyForDeploymentPostprocessing = 0;
		};
		D41F852A2DC3BB9B006A054E /* Sources */ = {
			isa = PBXSourcesBuildPhase;
			buildActionMask = 2147483647;
			files = (
			);
			runOnlyForDeploymentPostprocessing = 0;
		};
/* End PBXSourcesBuildPhase section */

/* Begin PBXTargetDependency section */
		D41F85262DC3BB9B006A054E /* PBXTargetDependency */ = {
			isa = PBXTargetDependency;
			target = D41F850A2DC3BB9A006A054E /* WidgetTestApp */;
			targetProxy = D41F85252DC3BB9B006A054E /* PBXContainerItemProxy */;
		};
		D41F85302DC3BB9B006A054E /* PBXTargetDependency */ = {
			isa = PBXTargetDependency;
			target = D41F850A2DC3BB9A006A054E /* WidgetTestApp */;
			targetProxy = D41F852F2DC3BB9B006A054E /* PBXContainerItemProxy */;
		};
/* End PBXTargetDependency section */

/* Begin XCBuildConfiguration section */
		D41F85382DC3BB9B006A054E /* Debug */ = {
			isa = XCBuildConfiguration;
			buildSettings = {
				ASSETCATALOG_COMPILER_APPICON_NAME = AppIcon;
				ASSETCATALOG_COMPILER_GLOBAL_ACCENT_COLOR_NAME = AccentColor;
				CODE_SIGN_STYLE = Automatic;
				CURRENT_PROJECT_VERSION = 1;
				DEVELOPMENT_TEAM = 7VJZ58KYD5;
				GENERATE_INFOPLIST_FILE = YES;
				INFOPLIST_FILE = WidgetTestApp/Info.plist;
				INFOPLIST_KEY_UIApplicationSupportsIndirectInputEvents = YES;
				INFOPLIST_KEY_UILaunchStoryboardName = LaunchScreen;
				INFOPLIST_KEY_UIMainStoryboardFile = Main;
				INFOPLIST_KEY_UISupportedInterfaceOrientations_iPad = "UIInterfaceOrientationPortrait UIInterfaceOrientationPortraitUpsideDown UIInterfaceOrientationLandscapeLeft UIInterfaceOrientationLandscapeRight";
				INFOPLIST_KEY_UISupportedInterfaceOrientations_iPhone = "UIInterfaceOrientationPortrait UIInterfaceOrientationLandscapeLeft UIInterfaceOrientationLandscapeRight";
				LD_RUNPATH_SEARCH_PATHS = (
					"$(inherited)",
					"@executable_path/Frameworks",
				);
				MARKETING_VERSION = 1.0;
				PRODUCT_BUNDLE_IDENTIFIER = Shivamgoel.WidgetTestApp;
				PRODUCT_NAME = "$(TARGET_NAME)";
				SWIFT_EMIT_LOC_STRINGS = YES;
				SWIFT_VERSION = 5.0;
				TARGETED_DEVICE_FAMILY = "1,2";
			};
			name = Debug;
		};
		D41F85392DC3BB9B006A054E /* Release */ = {
			isa = XCBuildConfiguration;
			buildSettings = {
				ASSETCATALOG_COMPILER_APPICON_NAME = AppIcon;
				ASSETCATALOG_COMPILER_GLOBAL_ACCENT_COLOR_NAME = AccentColor;
				CODE_SIGN_STYLE = Automatic;
				CURRENT_PROJECT_VERSION = 1;
				DEVELOPMENT_TEAM = 7VJZ58KYD5;
				GENERATE_INFOPLIST_FILE = YES;
				INFOPLIST_FILE = WidgetTestApp/Info.plist;
				INFOPLIST_KEY_UIApplicationSupportsIndirectInputEvents = YES;
				INFOPLIST_KEY_UILaunchStoryboardName = LaunchScreen;
				INFOPLIST_KEY_UIMainStoryboardFile = Main;
				INFOPLIST_KEY_UISupportedInterfaceOrientations_iPad = "UIInterfaceOrientationPortrait UIInterfaceOrientationPortraitUpsideDown UIInterfaceOrientationLandscapeLeft UIInterfaceOrientationLandscapeRight";
				INFOPLIST_KEY_UISupportedInterfaceOrientations_iPhone = "UIInterfaceOrientationPortrait UIInterfaceOrientationLandscapeLeft UIInterfaceOrientationLandscapeRight";
				LD_RUNPATH_SEARCH_PATHS = (
					"$(inherited)",
					"@executable_path/Frameworks",
				);
				MARKETING_VERSION = 1.0;
				PRODUCT_BUNDLE_IDENTIFIER = Shivamgoel.WidgetTestApp;
				PRODUCT_NAME = "$(TARGET_NAME)";
				SWIFT_EMIT_LOC_STRINGS = YES;
				SWIFT_VERSION = 5.0;
				TARGETED_DEVICE_FAMILY = "1,2";
			};
			name = Release;
		};
		D41F853A2DC3BB9B006A054E /* Debug */ = {
			isa = XCBuildConfiguration;
			buildSettings = {
				ALWAYS_SEARCH_USER_PATHS = NO;
				ASSETCATALOG_COMPILER_GENERATE_SWIFT_ASSET_SYMBOL_EXTENSIONS = YES;
				CLANG_ANALYZER_NONNULL = YES;
				CLANG_ANALYZER_NUMBER_OBJECT_CONVERSION = YES_AGGRESSIVE;
				CLANG_CXX_LANGUAGE_STANDARD = "gnu++20";
				CLANG_ENABLE_MODULES = YES;
				CLANG_ENABLE_OBJC_ARC = YES;
				CLANG_ENABLE_OBJC_WEAK = YES;
				CLANG_WARN_BLOCK_CAPTURE_AUTORELEASING = YES;
				CLANG_WARN_BOOL_CONVERSION = YES;
				CLANG_WARN_COMMA = YES;
				CLANG_WARN_CONSTANT_CONVERSION = YES;
				CLANG_WARN_DEPRECATED_OBJC_IMPLEMENTATIONS = YES;
				CLANG_WARN_DIRECT_OBJC_ISA_USAGE = YES_ERROR;
				CLANG_WARN_DOCUMENTATION_COMMENTS = YES;
				CLANG_WARN_EMPTY_BODY = YES;
				CLANG_WARN_ENUM_CONVERSION = YES;
				CLANG_WARN_INFINITE_RECURSION = YES;
				CLANG_WARN_INT_CONVERSION = YES;
				CLANG_WARN_NON_LITERAL_NULL_CONVERSION = YES;
				CLANG_WARN_OBJC_IMPLICIT_RETAIN_SELF = YES;
				CLANG_WARN_OBJC_LITERAL_CONVERSION = YES;
				CLANG_WARN_OBJC_ROOT_CLASS = YES_ERROR;
				CLANG_WARN_QUOTED_INCLUDE_IN_FRAMEWORK_HEADER = YES;
				CLANG_WARN_RANGE_LOOP_ANALYSIS = YES;
				CLANG_WARN_STRICT_PROTOTYPES = YES;
				CLANG_WARN_SUSPICIOUS_MOVE = YES;
				CLANG_WARN_UNGUARDED_AVAILABILITY = YES_AGGRESSIVE;
				CLANG_WARN_UNREACHABLE_CODE = YES;
				CLANG_WARN__DUPLICATE_METHOD_MATCH = YES;
				COPY_PHASE_STRIP = NO;
				DEBUG_INFORMATION_FORMAT = dwarf;
				ENABLE_STRICT_OBJC_MSGSEND = YES;
				ENABLE_TESTABILITY = YES;
				ENABLE_USER_SCRIPT_SANDBOXING = YES;
				GCC_C_LANGUAGE_STANDARD = gnu17;
				GCC_DYNAMIC_NO_PIC = NO;
				GCC_NO_COMMON_BLOCKS = YES;
				GCC_OPTIMIZATION_LEVEL = 0;
				GCC_PREPROCESSOR_DEFINITIONS = (
					"DEBUG=1",
					"$(inherited)",
				);
				GCC_WARN_64_TO_32_BIT_CONVERSION = YES;
				GCC_WARN_ABOUT_RETURN_TYPE = YES_ERROR;
				GCC_WARN_UNDECLARED_SELECTOR = YES;
				GCC_WARN_UNINITIALIZED_AUTOS = YES_AGGRESSIVE;
				GCC_WARN_UNUSED_FUNCTION = YES;
				GCC_WARN_UNUSED_VARIABLE = YES;
				IPHONEOS_DEPLOYMENT_TARGET = 18.2;
				LOCALIZATION_PREFERS_STRING_CATALOGS = YES;
				MTL_ENABLE_DEBUG_INFO = INCLUDE_SOURCE;
				MTL_FAST_MATH = YES;
				ONLY_ACTIVE_ARCH = YES;
				SDKROOT = iphoneos;
				SWIFT_ACTIVE_COMPILATION_CONDITIONS = "DEBUG $(inherited)";
				SWIFT_OPTIMIZATION_LEVEL = "-Onone";
			};
			name = Debug;
		};
		D41F853B2DC3BB9B006A054E /* Release */ = {
			isa = XCBuildConfiguration;
			buildSettings = {
				ALWAYS_SEARCH_USER_PATHS = NO;
				ASSETCATALOG_COMPILER_GENERATE_SWIFT_ASSET_SYMBOL_EXTENSIONS = YES;
				CLANG_ANALYZER_NONNULL = YES;
				CLANG_ANALYZER_NUMBER_OBJECT_CONVERSION = YES_AGGRESSIVE;
				CLANG_CXX_LANGUAGE_STANDARD = "gnu++20";
				CLANG_ENABLE_MODULES = YES;
				CLANG_ENABLE_OBJC_ARC = YES;
				CLANG_ENABLE_OBJC_WEAK = YES;
				CLANG_WARN_BLOCK_CAPTURE_AUTORELEASING = YES;
				CLANG_WARN_BOOL_CONVERSION = YES;
				CLANG_WARN_COMMA = YES;
				CLANG_WARN_CONSTANT_CONVERSION = YES;
				CLANG_WARN_DEPRECATED_OBJC_IMPLEMENTATIONS = YES;
				CLANG_WARN_DIRECT_OBJC_ISA_USAGE = YES_ERROR;
				CLANG_WARN_DOCUMENTATION_COMMENTS = YES;
				CLANG_WARN_EMPTY_BODY = YES;
				CLANG_WARN_ENUM_CONVERSION = YES;
				CLANG_WARN_INFINITE_RECURSION = YES;
				CLANG_WARN_INT_CONVERSION = YES;
				CLANG_WARN_NON_LITERAL_NULL_CONVERSION = YES;
				CLANG_WARN_OBJC_IMPLICIT_RETAIN_SELF = YES;
				CLANG_WARN_OBJC_LITERAL_CONVERSION = YES;
				CLANG_WARN_OBJC_ROOT_CLASS = YES_ERROR;
				CLANG_WARN_QUOTED_INCLUDE_IN_FRAMEWORK_HEADER = YES;
				CLANG_WARN_RANGE_LOOP_ANALYSIS = YES;
				CLANG_WARN_STRICT_PROTOTYPES = YES;
				CLANG_WARN_SUSPICIOUS_MOVE = YES;
				CLANG_WARN_UNGUARDED_AVAILABILITY = YES_AGGRESSIVE;
				CLANG_WARN_UNREACHABLE_CODE = YES;
				CLANG_WARN__DUPLICATE_METHOD_MATCH = YES;
				COPY_PHASE_STRIP = NO;
				DEBUG_INFORMATION_FORMAT = "dwarf-with-dsym";
				ENABLE_NS_ASSERTIONS = NO;
				ENABLE_STRICT_OBJC_MSGSEND = YES;
				ENABLE_USER_SCRIPT_SANDBOXING = YES;
				GCC_C_LANGUAGE_STANDARD = gnu17;
				GCC_NO_COMMON_BLOCKS = YES;
				GCC_WARN_64_TO_32_BIT_CONVERSION = YES;
				GCC_WARN_ABOUT_RETURN_TYPE = YES_ERROR;
				GCC_WARN_UNDECLARED_SELECTOR = YES;
				GCC_WARN_UNINITIALIZED_AUTOS = YES_AGGRESSIVE;
				GCC_WARN_UNUSED_FUNCTION = YES;
				GCC_WARN_UNUSED_VARIABLE = YES;
				IPHONEOS_DEPLOYMENT_TARGET = 18.2;
				LOCALIZATION_PREFERS_STRING_CATALOGS = YES;
				MTL_ENABLE_DEBUG_INFO = NO;
				MTL_FAST_MATH = YES;
				SDKROOT = iphoneos;
				SWIFT_COMPILATION_MODE = wholemodule;
				VALIDATE_PRODUCT = YES;
			};
			name = Release;
		};
		D41F853D2DC3BB9B006A054E /* Debug */ = {
			isa = XCBuildConfiguration;
			buildSettings = {
				BUNDLE_LOADER = "$(TEST_HOST)";
				CODE_SIGN_STYLE = Automatic;
				CURRENT_PROJECT_VERSION = 1;
				DEVELOPMENT_TEAM = 7VJZ58KYD5;
				GENERATE_INFOPLIST_FILE = YES;
				IPHONEOS_DEPLOYMENT_TARGET = 18.2;
				MARKETING_VERSION = 1.0;
				PRODUCT_BUNDLE_IDENTIFIER = Shivamgoel.WidgetTestAppTests;
				PRODUCT_NAME = "$(TARGET_NAME)";
				SWIFT_EMIT_LOC_STRINGS = NO;
				SWIFT_VERSION = 5.0;
				TARGETED_DEVICE_FAMILY = "1,2";
				TEST_HOST = "$(BUILT_PRODUCTS_DIR)/WidgetTestApp.app/$(BUNDLE_EXECUTABLE_FOLDER_PATH)/WidgetTestApp";
			};
			name = Debug;
		};
		D41F853E2DC3BB9B006A054E /* Release */ = {
			isa = XCBuildConfiguration;
			buildSettings = {
				BUNDLE_LOADER = "$(TEST_HOST)";
				CODE_SIGN_STYLE = Automatic;
				CURRENT_PROJECT_VERSION = 1;
				DEVELOPMENT_TEAM = 7VJZ58KYD5;
				GENERATE_INFOPLIST_FILE = YES;
				IPHONEOS_DEPLOYMENT_TARGET = 18.2;
				MARKETING_VERSION = 1.0;
				PRODUCT_BUNDLE_IDENTIFIER = Shivamgoel.WidgetTestAppTests;
				PRODUCT_NAME = "$(TARGET_NAME)";
				SWIFT_EMIT_LOC_STRINGS = NO;
				SWIFT_VERSION = 5.0;
				TARGETED_DEVICE_FAMILY = "1,2";
				TEST_HOST = "$(BUILT_PRODUCTS_DIR)/WidgetTestApp.app/$(BUNDLE_EXECUTABLE_FOLDER_PATH)/WidgetTestApp";
			};
			name = Release;
		};
		D41F85402DC3BB9B006A054E /* Debug */ = {
			isa = XCBuildConfiguration;
			buildSettings = {
				CODE_SIGN_STYLE = Automatic;
				CURRENT_PROJECT_VERSION = 1;
				DEVELOPMENT_TEAM = 7VJZ58KYD5;
				GENERATE_INFOPLIST_FILE = YES;
				MARKETING_VERSION = 1.0;
				PRODUCT_BUNDLE_IDENTIFIER = Shivamgoel.WidgetTestAppUITests;
				PRODUCT_NAME = "$(TARGET_NAME)";
				SWIFT_EMIT_LOC_STRINGS = NO;
				SWIFT_VERSION = 5.0;
				TARGETED_DEVICE_FAMILY = "1,2";
				TEST_TARGET_NAME = WidgetTestApp;
			};
			name = Debug;
		};
		D41F85412DC3BB9B006A054E /* Release */ = {
			isa = XCBuildConfiguration;
			buildSettings = {
				CODE_SIGN_STYLE = Automatic;
				CURRENT_PROJECT_VERSION = 1;
				DEVELOPMENT_TEAM = 7VJZ58KYD5;
				GENERATE_INFOPLIST_FILE = YES;
				MARKETING_VERSION = 1.0;
				PRODUCT_BUNDLE_IDENTIFIER = Shivamgoel.WidgetTestAppUITests;
				PRODUCT_NAME = "$(TARGET_NAME)";
				SWIFT_EMIT_LOC_STRINGS = NO;
				SWIFT_VERSION = 5.0;
				TARGETED_DEVICE_FAMILY = "1,2";
				TEST_TARGET_NAME = WidgetTestApp;
			};
			name = Release;
		};
/* End XCBuildConfiguration section */

/* Begin XCConfigurationList section */
		D41F85062DC3BB9A006A054E /* Build configuration list for PBXProject "WidgetTestApp" */ = {
			isa = XCConfigurationList;
			buildConfigurations = (
				D41F853A2DC3BB9B006A054E /* Debug */,
				D41F853B2DC3BB9B006A054E /* Release */,
			);
			defaultConfigurationIsVisible = 0;
			defaultConfigurationName = Release;
		};
		D41F85372DC3BB9B006A054E /* Build configuration list for PBXNativeTarget "WidgetTestApp" */ = {
			isa = XCConfigurationList;
			buildConfigurations = (
				D41F85382DC3BB9B006A054E /* Debug */,
				D41F85392DC3BB9B006A054E /* Release */,
			);
			defaultConfigurationIsVisible = 0;
			defaultConfigurationName = Release;
		};
		D41F853C2DC3BB9B006A054E /* Build configuration list for PBXNativeTarget "WidgetTestAppTests" */ = {
			isa = XCConfigurationList;
			buildConfigurations = (
				D41F853D2DC3BB9B006A054E /* Debug */,
				D41F853E2DC3BB9B006A054E /* Release */,
			);
			defaultConfigurationIsVisible = 0;
			defaultConfigurationName = Release;
		};
		D41F853F2DC3BB9B006A054E /* Build configuration list for PBXNativeTarget "WidgetTestAppUITests" */ = {
			isa = XCConfigurationList;
			buildConfigurations = (
				D41F85402DC3BB9B006A054E /* Debug */,
				D41F85412DC3BB9B006A054E /* Release */,
			);
			defaultConfigurationIsVisible = 0;
			defaultConfigurationName = Release;
		};
/* End XCConfigurationList section */
	};
	rootObject = D41F85032DC3BB9A006A054E /* Project object */;
}
